# PromptHound — pinned runtime lockfile (PRD §13).
#
# Regenerate (and review the diff) with:
#   python -m pip install --dry-run --ignore-installed --report - \
#     "pysigma>=1.0.0" pysigma-backend-splunk pysigma-backend-kusto \
#     sigma-cli jinja2 pyyaml
#
# Treat any version bump here as a reviewed change with full SPL/KQL
# regeneration (PRD §17: pySigma/backend version drift; D5: pySigma 1.0.0
# introduced breaking factory-pattern pipelines).
#
# Decision — schema validation (PRD §13, "(eval) pydantic"): use `jsonschema`
#   for the schema-validate test/CI stage, NOT pydantic, and keep it a
#   dev/test-only dependency (declared in pyproject `[project.optional-
#   dependencies].dev`). Rationale: events are plain JSON validated against
#   schema/llm_audit_log.schema.json; jsonschema is the lean, direct fit and the
#   runtime `prompthound` package does not import it. pydantic remains deferred
#   unless runtime model validation is needed.
#
# Not a dependency: `pysigma-backend-sentinel` does NOT exist (PRD D5).
# Sentinel KQL is produced by `pysigma-backend-kusto` (target `kusto`,
# `sentinelasim` pipeline).

# --- Direct runtime dependencies (PRD §13) ---
pySigma==1.3.3
pysigma-backend-splunk==2.1.0
pySigma-backend-kusto==1.0.1
sigma-cli==3.0.2
Jinja2==3.1.6
PyYAML==6.0.3

# --- Transitive dependencies (pinned for reproducibility) ---
certifi==2026.5.20
charset-normalizer==3.4.7
click==8.4.1
colorama==0.4.6
diskcache==5.6.3
diskcache-stubs==5.6.3.6.20240818
idna==3.18
MarkupSafe==3.0.3
packaging==26.2
prettytable==3.17.0
pyparsing==3.3.2
requests==2.34.2
types-PyYAML==6.0.12.20260518
typing_extensions==4.15.0
urllib3==2.7.0
wcwidth==0.7.0
